
Microsoft Visual Studio Solution File, Format Version 12.00
# Visual Studio Version 17
VisualStudioVersion = 17.1.32228.430
MinimumVisualStudioVersion = 10.0.40219.1
Project("{FAE04EC0-301F-11D3-BF4B-00C04F79EFBC}") = "Marknad_V2", "Marknad_V2.csproj", "{D4799A81-DFB3-4BEB-94C9-DA2515A8932B}"
EndProject
Project("{FAE04EC0-301F-11D3-BF4B-00C04F79EFBC}") = "Marknad_V2Tests", "..\Marknad_V2Tests\Marknad_V2Tests.csproj", "{E89A457F-A395-4F3C-B44A-2A6CFFF351D9}"
EndProject
Global
	GlobalSection(SolutionConfigurationPlatforms) = preSolution
		Debug|Any CPU = Debug|Any CPU
		Release|Any CPU = Release|Any CPU
	EndGlobalSection
	GlobalSection(ProjectConfigurationPlatforms) = postSolution
		{D4799A81-DFB3-4BEB-94C9-DA2515A8932B}.Debug|Any CPU.ActiveCfg = Debug|Any CPU
		{D4799A81-DFB3-4BEB-94C9-DA2515A8932B}.Debug|Any CPU.Build.0 = Debug|Any CPU
		{D4799A81-DFB3-4BEB-94C9-DA2515A8932B}.Release|Any CPU.ActiveCfg = Release|Any CPU
		{D4799A81-DFB3-4BEB-94C9-DA2515A8932B}.Release|Any CPU.Build.0 = Release|Any CPU
		{E89A457F-A395-4F3C-B44A-2A6CFFF351D9}.Debug|Any CPU.ActiveCfg = Debug|Any CPU
		{E89A457F-A395-4F3C-B44A-2A6CFFF351D9}.Debug|Any CPU.Build.0 = Debug|Any CPU
		{E89A457F-A395-4F3C-B44A-2A6CFFF351D9}.Release|Any CPU.ActiveCfg = Release|Any CPU
		{E89A457F-A395-4F3C-B44A-2A6CFFF351D9}.Release|Any CPU.Build.0 = Release|Any CPU
	EndGlobalSection
	GlobalSection(SolutionProperties) = preSolution
		HideSolutionNode = FALSE
	EndGlobalSection
	GlobalSection(ExtensibilityGlobals) = postSolution
		SolutionGuid = {E11663B6-4133-4B71-A829-A5F0B0E5481B}
	EndGlobalSection
EndGlobal
